// !$*UTF8*$!
{
	archiveVersion = 1;
	classes = {
	};
	objectVersion = 50;
	objects = {

/* Begin PBXBuildFile section */
		087CB3F1258E77D500C6F9DA /* Cashier.xcdatamodeld in Sources */ = {isa = PBXBuildFile; fileRef = 087CB3DB258E77D400C6F9DA /* Cashier.xcdatamodeld */; };
		087CB3F2258E77D500C6F9DA /* Cashier.xcdatamodeld in Sources */ = {isa = PBXBuildFile; fileRef = 087CB3DB258E77D400C6F9DA /* Cashier.xcdatamodeld */; };
		087CB3F3258E77D500C6F9DA /* CashierApp.swift in Sources */ = {isa = PBXBuildFile; fileRef = 087CB3DD258E77D400C6F9DA /* CashierApp.swift */; };
		087CB3F4258E77D500C6F9DA /* CashierApp.swift in Sources */ = {isa = PBXBuildFile; fileRef = 087CB3DD258E77D400C6F9DA /* CashierApp.swift */; };
		087CB3F5258E77D500C6F9DA /* ContentView.swift in Sources */ = {isa = PBXBuildFile; fileRef = 087CB3DE258E77D400C6F9DA /* ContentView.swift */; };
		087CB3F6258E77D500C6F9DA /* ContentView.swift in Sources */ = {isa = PBXBuildFile; fileRef = 087CB3DE258E77D400C6F9DA /* ContentView.swift */; };
		087CB3F7258E77D500C6F9DA /* Persistence.swift in Sources */ = {isa = PBXBuildFile; fileRef = 087CB3DF258E77D400C6F9DA /* Persistence.swift */; };
		087CB3F8258E77D500C6F9DA /* Persistence.swift in Sources */ = {isa = PBXBuildFile; fileRef = 087CB3DF258E77D400C6F9DA /* Persistence.swift */; };
		087CB3F9258E77D500C6F9DA /* Assets.xcassets in Resources */ = {isa = PBXBuildFile; fileRef = 087CB3E0258E77D500C6F9DA /* Assets.xcassets */; };
		087CB3FA258E77D500C6F9DA /* Assets.xcassets in Resources */ = {isa = PBXBuildFile; fileRef = 087CB3E0258E77D500C6F9DA /* Assets.xcassets */; };
/* End PBXBuildFile section */

/* Begin PBXFileReference section */
		087CB3DC258E77D400C6F9DA /* Shared.xcdatamodel */ = {isa = PBXFileReference; lastKnownFileType = wrapper.xcdatamodel; path = Shared.xcdatamodel; sourceTree = "<group>"; };
		087CB3DD258E77D400C6F9DA /* CashierApp.swift */ = {isa = PBXFileReference; lastKnownFileType = sourcecode.swift; path = CashierApp.swift; sourceTree = "<group>"; };
		087CB3DE258E77D400C6F9DA /* ContentView.swift */ = {isa = PBXFileReference; lastKnownFileType = sourcecode.swift; path = ContentView.swift; sourceTree = "<group>"; };
		087CB3DF258E77D400C6F9DA /* Persistence.swift */ = {isa = PBXFileReference; lastKnownFileType = sourcecode.swift; path = Persistence.swift; sourceTree = "<group>"; };
		087CB3E0258E77D500C6F9DA /* Assets.xcassets */ = {isa = PBXFileReference; lastKnownFileType = folder.assetcatalog; path = Assets.xcassets; sourceTree = "<group>"; };
		087CB3E5258E77D500C6F9DA /* Cashier.app */ = {isa = PBXFileReference; explicitFileType = wrapper.application; includeInIndex = 0; path = Cashier.app; sourceTree = BUILT_PRODUCTS_DIR; };
		087CB3E8258E77D500C6F9DA /* Info.plist */ = {isa = PBXFileReference; lastKnownFileType = text.plist.xml; path = Info.plist; sourceTree = "<group>"; };
		087CB3ED258E77D500C6F9DA /* Cashier.app */ = {isa = PBXFileReference; explicitFileType = wrapper.application; includeInIndex = 0; path = Cashier.app; sourceTree = BUILT_PRODUCTS_DIR; };
		087CB3EF258E77D500C6F9DA /* Info.plist */ = {isa = PBXFileReference; lastKnownFileType = text.plist.xml; path = Info.plist; sourceTree = "<group>"; };
		087CB3F0258E77D500C6F9DA /* macOS.entitlements */ = {isa = PBXFileReference; lastKnownFileType = text.plist.entitlements; path = macOS.entitlements; sourceTree = "<group>"; };
/* End PBXFileReference section */

/* Begin PBXFrameworksBuildPhase section */
		087CB3E2258E77D500C6F9DA /* Frameworks */ = {
			isa = PBXFrameworksBuildPhase;
			buildActionMask = 2147483647;
			files = (
			);
			runOnlyForDeploymentPostprocessing = 0;
		};
		087CB3EA258E77D500C6F9DA /* Frameworks */ = {
			isa = PBXFrameworksBuildPhase;
			buildActionMask = 2147483647;
			files = (
			);
			runOnlyForDeploymentPostprocessing = 0;
		};
/* End PBXFrameworksBuildPhase section */

/* Begin PBXGroup section */
		087CB3D5258E77D400C6F9DA = {
			isa = PBXGroup;
			children = (
				087CB3DA258E77D400C6F9DA /* Shared */,
				087CB3E7258E77D500C6F9DA /* iOS */,
				087CB3EE258E77D500C6F9DA /* macOS */,
				087CB3E6258E77D500C6F9DA /* Products */,
			);
			sourceTree = "<group>";
		};
		087CB3DA258E77D400C6F9DA /* Shared */ = {
			isa = PBXGroup;
			children = (
				087CB3DD258E77D400C6F9DA /* CashierApp.swift */,
				087CB3DE258E77D400C6F9DA /* ContentView.swift */,
				087CB3DF258E77D400C6F9DA /* Persistence.swift */,
				087CB3E0258E77D500C6F9DA /* Assets.xcassets */,
				087CB3DB258E77D400C6F9DA /* Cashier.xcdatamodeld */,
			);
			path = Shared;
			sourceTree = "<group>";
		};
		087CB3E6258E77D500C6F9DA /* Products */ = {
			isa = PBXGroup;
			children = (
				087CB3E5258E77D500C6F9DA /* Cashier.app */,
				087CB3ED258E77D500C6F9DA /* Cashier.app */,
			);
			name = Products;
			sourceTree = "<group>";
		};
		087CB3E7258E77D500C6F9DA /* iOS */ = {
			isa = PBXGroup;
			children = (
				087CB3E8258E77D500C6F9DA /* Info.plist */,
			);
			path = iOS;
			sourceTree = "<group>";
		};
		087CB3EE258E77D500C6F9DA /* macOS */ = {
			isa = PBXGroup;
			children = (
				087CB3EF258E77D500C6F9DA /* Info.plist */,
				087CB3F0258E77D500C6F9DA /* macOS.entitlements */,
			);
			path = macOS;
			sourceTree = "<group>";
		};
/* End PBXGroup section */

/* Begin PBXNativeTarget section */
		087CB3E4258E77D500C6F9DA /* Cashier (iOS) */ = {
			isa = PBXNativeTarget;
			buildConfigurationList = 087CB3FD258E77D500C6F9DA /* Build configuration list for PBXNativeTarget "Cashier (iOS)" */;
			buildPhases = (
				087CB3E1258E77D500C6F9DA /* Sources */,
				087CB3E2258E77D500C6F9DA /* Frameworks */,
				087CB3E3258E77D500C6F9DA /* Resources */,
			);
			buildRules = (
			);
			dependencies = (
			);
			name = "Cashier (iOS)";
			productName = "Cashier (iOS)";
			productReference = 087CB3E5258E77D500C6F9DA /* Cashier.app */;
			productType = "com.apple.product-type.application";
		};
		087CB3EC258E77D500C6F9DA /* Cashier (macOS) */ = {
			isa = PBXNativeTarget;
			buildConfigurationList = 087CB400258E77D500C6F9DA /* Build configuration list for PBXNativeTarget "Cashier (macOS)" */;
			buildPhases = (
				087CB3E9258E77D500C6F9DA /* Sources */,
				087CB3EA258E77D500C6F9DA /* Frameworks */,
				087CB3EB258E77D500C6F9DA /* Resources */,
			);
			buildRules = (
			);
			dependencies = (
			);
			name = "Cashier (macOS)";
			productName = "Cashier (macOS)";
			productReference = 087CB3ED258E77D500C6F9DA /* Cashier.app */;
			productType = "com.apple.product-type.application";
		};
/* End PBXNativeTarget section */

/* Begin PBXProject section */
		087CB3D6258E77D400C6F9DA /* Project object */ = {
			isa = PBXProject;
			attributes = {
				LastSwiftUpdateCheck = 1230;
				LastUpgradeCheck = 1230;
				TargetAttributes = {
					087CB3E4258E77D500C6F9DA = {
						CreatedOnToolsVersion = 12.3;
					};
					087CB3EC258E77D500C6F9DA = {
						CreatedOnToolsVersion = 12.3;
					};
				};
			};
			buildConfigurationList = 087CB3D9258E77D400C6F9DA /* Build configuration list for PBXProject "Cashier" */;
			compatibilityVersion = "Xcode 9.3";
			developmentRegion = en;
			hasScannedForEncodings = 0;
			knownRegions = (
				en,
				Base,
			);
			mainGroup = 087CB3D5258E77D400C6F9DA;
			productRefGroup = 087CB3E6258E77D500C6F9DA /* Products */;
			projectDirPath = "";
			projectRoot = "";
			targets = (
				087CB3E4258E77D500C6F9DA /* Cashier (iOS) */,
				087CB3EC258E77D500C6F9DA /* Cashier (macOS) */,
			);
		};
/* End PBXProject section */

/* Begin PBXResourcesBuildPhase section */
		087CB3E3258E77D500C6F9DA /* Resources */ = {
			isa = PBXResourcesBuildPhase;
			buildActionMask = 2147483647;
			files = (
				087CB3F9258E77D500C6F9DA /* Assets.xcassets in Resources */,
			);
			runOnlyForDeploymentPostprocessing = 0;
		};
		087CB3EB258E77D500C6F9DA /* Resources */ = {
			isa = PBXResourcesBuildPhase;
			buildActionMask = 2147483647;
			files = (
				087CB3FA258E77D500C6F9DA /* Assets.xcassets in Resources */,
			);
			runOnlyForDeploymentPostprocessing = 0;
		};
/* End PBXResourcesBuildPhase section */

/* Begin PBXSourcesBuildPhase section */
		087CB3E1258E77D500C6F9DA /* Sources */ = {
			isa = PBXSourcesBuildPhase;
			buildActionMask = 2147483647;
			files = (
				087CB3F1258E77D500C6F9DA /* Cashier.xcdatamodeld in Sources */,
				087CB3F7258E77D500C6F9DA /* Persistence.swift in Sources */,
				087CB3F3258E77D500C6F9DA /* CashierApp.swift in Sources */,
				087CB3F5258E77D500C6F9DA /* ContentView.swift in Sources */,
			);
			runOnlyForDeploymentPostprocessing = 0;
		};
		087CB3E9258E77D500C6F9DA /* Sources */ = {
			isa = PBXSourcesBuildPhase;
			buildActionMask = 2147483647;
			files = (
				087CB3F2258E77D500C6F9DA /* Cashier.xcdatamodeld in Sources */,
				087CB3F8258E77D500C6F9DA /* Persistence.swift in Sources */,
				087CB3F4258E77D500C6F9DA /* CashierApp.swift in Sources */,
				087CB3F6258E77D500C6F9DA /* ContentView.swift in Sources */,
			);
			runOnlyForDeploymentPostprocessing = 0;
		};
/* End PBXSourcesBuildPhase section */

/* Begin XCBuildConfiguration section */
		087CB3FB258E77D500C6F9DA /* Debug */ = {
			isa = XCBuildConfiguration;
			buildSettings = {
				ALWAYS_SEARCH_USER_PATHS = NO;
				CLANG_ANALYZER_NONNULL = YES;
				CLANG_ANALYZER_NUMBER_OBJECT_CONVERSION = YES_AGGRESSIVE;
				CLANG_CXX_LANGUAGE_STANDARD = "gnu++14";
				CLANG_CXX_LIBRARY = "libc++";
				CLANG_ENABLE_MODULES = YES;
				CLANG_ENABLE_OBJC_ARC = YES;
				CLANG_ENABLE_OBJC_WEAK = YES;
				CLANG_WARN_BLOCK_CAPTURE_AUTORELEASING = YES;
				CLANG_WARN_BOOL_CONVERSION = YES;
				CLANG_WARN_COMMA = YES;
				CLANG_WARN_CONSTANT_CONVERSION = YES;
				CLANG_WARN_DEPRECATED_OBJC_IMPLEMENTATIONS = YES;
				CLANG_WARN_DIRECT_OBJC_ISA_USAGE = YES_ERROR;
				CLANG_WARN_DOCUMENTATION_COMMENTS = YES;
				CLANG_WARN_EMPTY_BODY = YES;
				CLANG_WARN_ENUM_CONVERSION = YES;
				CLANG_WARN_INFINITE_RECURSION = YES;
				CLANG_WARN_INT_CONVERSION = YES;
				CLANG_WARN_NON_LITERAL_NULL_CONVERSION = YES;
				CLANG_WARN_OBJC_IMPLICIT_RETAIN_SELF = YES;
				CLANG_WARN_OBJC_LITERAL_CONVERSION = YES;
				CLANG_WARN_OBJC_ROOT_CLASS = YES_ERROR;
				CLANG_WARN_QUOTED_INCLUDE_IN_FRAMEWORK_HEADER = YES;
				CLANG_WARN_RANGE_LOOP_ANALYSIS = YES;
				CLANG_WARN_STRICT_PROTOTYPES = YES;
				CLANG_WARN_SUSPICIOUS_MOVE = YES;
				CLANG_WARN_UNGUARDED_AVAILABILITY = YES_AGGRESSIVE;
				CLANG_WARN_UNREACHABLE_CODE = YES;
				CLANG_WARN__DUPLICATE_METHOD_MATCH = YES;
				COPY_PHASE_STRIP = NO;
				DEBUG_INFORMATION_FORMAT = dwarf;
				ENABLE_STRICT_OBJC_MSGSEND = YES;
				ENABLE_TESTABILITY = YES;
				GCC_C_LANGUAGE_STANDARD = gnu11;
				GCC_DYNAMIC_NO_PIC = NO;
				GCC_NO_COMMON_BLOCKS = YES;
				GCC_OPTIMIZATION_LEVEL = 0;
				GCC_PREPROCESSOR_DEFINITIONS = (
					"DEBUG=1",
					"$(inherited)",
				);
				GCC_WARN_64_TO_32_BIT_CONVERSION = YES;
				GCC_WARN_ABOUT_RETURN_TYPE = YES_ERROR;
				GCC_WARN_UNDECLARED_SELECTOR = YES;
				GCC_WARN_UNINITIALIZED_AUTOS = YES_AGGRESSIVE;
				GCC_WARN_UNUSED_FUNCTION = YES;
				GCC_WARN_UNUSED_VARIABLE = YES;
				MTL_ENABLE_DEBUG_INFO = INCLUDE_SOURCE;
				MTL_FAST_MATH = YES;
				ONLY_ACTIVE_ARCH = YES;
				SWIFT_ACTIVE_COMPILATION_CONDITIONS = DEBUG;
				SWIFT_OPTIMIZATION_LEVEL = "-Onone";
			};
			name = Debug;
		};
		087CB3FC258E77D500C6F9DA /* Release */ = {
			isa = XCBuildConfiguration;
			buildSettings = {
				ALWAYS_SEARCH_USER_PATHS = NO;
				CLANG_ANALYZER_NONNULL = YES;
				CLANG_ANALYZER_NUMBER_OBJECT_CONVERSION = YES_AGGRESSIVE;
				CLANG_CXX_LANGUAGE_STANDARD = "gnu++14";
				CLANG_CXX_LIBRARY = "libc++";
				CLANG_ENABLE_MODULES = YES;
				CLANG_ENABLE_OBJC_ARC = YES;
				CLANG_ENABLE_OBJC_WEAK = YES;
				CLANG_WARN_BLOCK_CAPTURE_AUTORELEASING = YES;
				CLANG_WARN_BOOL_CONVERSION = YES;
				CLANG_WARN_COMMA = YES;
				CLANG_WARN_CONSTANT_CONVERSION = YES;
				CLANG_WARN_DEPRECATED_OBJC_IMPLEMENTATIONS = YES;
				CLANG_WARN_DIRECT_OBJC_ISA_USAGE = YES_ERROR;
				CLANG_WARN_DOCUMENTATION_COMMENTS = YES;
				CLANG_WARN_EMPTY_BODY = YES;
				CLANG_WARN_ENUM_CONVERSION = YES;
				CLANG_WARN_INFINITE_RECURSION = YES;
				CLANG_WARN_INT_CONVERSION = YES;
				CLANG_WARN_NON_LITERAL_NULL_CONVERSION = YES;
				CLANG_WARN_OBJC_IMPLICIT_RETAIN_SELF = YES;
				CLANG_WARN_OBJC_LITERAL_CONVERSION = YES;
				CLANG_WARN_OBJC_ROOT_CLASS = YES_ERROR;
				CLANG_WARN_QUOTED_INCLUDE_IN_FRAMEWORK_HEADER = YES;
				CLANG_WARN_RANGE_LOOP_ANALYSIS = YES;
				CLANG_WARN_STRICT_PROTOTYPES = YES;
				CLANG_WARN_SUSPICIOUS_MOVE = YES;
				CLANG_WARN_UNGUARDED_AVAILABILITY = YES_AGGRESSIVE;
				CLANG_WARN_UNREACHABLE_CODE = YES;
				CLANG_WARN__DUPLICATE_METHOD_MATCH = YES;
				COPY_PHASE_STRIP = NO;
				DEBUG_INFORMATION_FORMAT = "dwarf-with-dsym";
				ENABLE_NS_ASSERTIONS = NO;
				ENABLE_STRICT_OBJC_MSGSEND = YES;
				GCC_C_LANGUAGE_STANDARD = gnu11;
				GCC_NO_COMMON_BLOCKS = YES;
				GCC_WARN_64_TO_32_BIT_CONVERSION = YES;
				GCC_WARN_ABOUT_RETURN_TYPE = YES_ERROR;
				GCC_WARN_UNDECLARED_SELECTOR = YES;
				GCC_WARN_UNINITIALIZED_AUTOS = YES_AGGRESSIVE;
				GCC_WARN_UNUSED_FUNCTION = YES;
				GCC_WARN_UNUSED_VARIABLE = YES;
				MTL_ENABLE_DEBUG_INFO = NO;
				MTL_FAST_MATH = YES;
				SWIFT_COMPILATION_MODE = wholemodule;
				SWIFT_OPTIMIZATION_LEVEL = "-O";
			};
			name = Release;
		};
		087CB3FE258E77D500C6F9DA /* Debug */ = {
			isa = XCBuildConfiguration;
			buildSettings = {
				ASSETCATALOG_COMPILER_APPICON_NAME = AppIcon;
				ASSETCATALOG_COMPILER_GLOBAL_ACCENT_COLOR_NAME = AccentColor;
				CODE_SIGN_STYLE = Automatic;
				DEVELOPMENT_TEAM = L8T2DBPJ39;
				ENABLE_PREVIEWS = YES;
				INFOPLIST_FILE = iOS/Info.plist;
				IPHONEOS_DEPLOYMENT_TARGET = 14.0;
				LD_RUNPATH_SEARCH_PATHS = (
					"$(inherited)",
					"@executable_path/Frameworks",
				);
				PRODUCT_BUNDLE_IDENTIFIER = piltch.trevor.Cashier;
				PRODUCT_NAME = Cashier;
				SDKROOT = iphoneos;
				SWIFT_VERSION = 5.0;
				TARGETED_DEVICE_FAMILY = "1,2";
			};
			name = Debug;
		};
		087CB3FF258E77D500C6F9DA /* Release */ = {
			isa = XCBuildConfiguration;
			buildSettings = {
				ASSETCATALOG_COMPILER_APPICON_NAME = AppIcon;
				ASSETCATALOG_COMPILER_GLOBAL_ACCENT_COLOR_NAME = AccentColor;
				CODE_SIGN_STYLE = Automatic;
				DEVELOPMENT_TEAM = L8T2DBPJ39;
				ENABLE_PREVIEWS = YES;
				INFOPLIST_FILE = iOS/Info.plist;
				IPHONEOS_DEPLOYMENT_TARGET = 14.0;
				LD_RUNPATH_SEARCH_PATHS = (
					"$(inherited)",
					"@executable_path/Frameworks",
				);
				PRODUCT_BUNDLE_IDENTIFIER = piltch.trevor.Cashier;
				PRODUCT_NAME = Cashier;
				SDKROOT = iphoneos;
				SWIFT_VERSION = 5.0;
				TARGETED_DEVICE_FAMILY = "1,2";
				VALIDATE_PRODUCT = YES;
			};
			name = Release;
		};
		087CB401258E77D500C6F9DA /* Debug */ = {
			isa = XCBuildConfiguration;
			buildSettings = {
				ASSETCATALOG_COMPILER_APPICON_NAME = AppIcon;
				ASSETCATALOG_COMPILER_GLOBAL_ACCENT_COLOR_NAME = AccentColor;
				CODE_SIGN_ENTITLEMENTS = macOS/macOS.entitlements;
				CODE_SIGN_STYLE = Automatic;
				COMBINE_HIDPI_IMAGES = YES;
				DEVELOPMENT_TEAM = L8T2DBPJ39;
				ENABLE_HARDENED_RUNTIME = YES;
				ENABLE_PREVIEWS = YES;
				INFOPLIST_FILE = macOS/Info.plist;
				LD_RUNPATH_SEARCH_PATHS = (
					"$(inherited)",
					"@executable_path/../Frameworks",
				);
				MACOSX_DEPLOYMENT_TARGET = 11.0;
				PRODUCT_BUNDLE_IDENTIFIER = piltch.trevor.Cashier;
				PRODUCT_NAME = Cashier;
				SDKROOT = macosx;
				SWIFT_VERSION = 5.0;
			};
			name = Debug;
		};
		087CB402258E77D500C6F9DA /* Release */ = {
			isa = XCBuildConfiguration;
			buildSettings = {
				ASSETCATALOG_COMPILER_APPICON_NAME = AppIcon;
				ASSETCATALOG_COMPILER_GLOBAL_ACCENT_COLOR_NAME = AccentColor;
				CODE_SIGN_ENTITLEMENTS = macOS/macOS.entitlements;
				CODE_SIGN_STYLE = Automatic;
				COMBINE_HIDPI_IMAGES = YES;
				DEVELOPMENT_TEAM = L8T2DBPJ39;
				ENABLE_HARDENED_RUNTIME = YES;
				ENABLE_PREVIEWS = YES;
				INFOPLIST_FILE = macOS/Info.plist;
				LD_RUNPATH_SEARCH_PATHS = (
					"$(inherited)",
					"@executable_path/../Frameworks",
				);
				MACOSX_DEPLOYMENT_TARGET = 11.0;
				PRODUCT_BUNDLE_IDENTIFIER = piltch.trevor.Cashier;
				PRODUCT_NAME = Cashier;
				SDKROOT = macosx;
				SWIFT_VERSION = 5.0;
			};
			name = Release;
		};
/* End XCBuildConfiguration section */

/* Begin XCConfigurationList section */
		087CB3D9258E77D400C6F9DA /* Build configuration list for PBXProject "Cashier" */ = {
			isa = XCConfigurationList;
			buildConfigurations = (
				087CB3FB258E77D500C6F9DA /* Debug */,
				087CB3FC258E77D500C6F9DA /* Release */,
			);
			defaultConfigurationIsVisible = 0;
			defaultConfigurationName = Release;
		};
		087CB3FD258E77D500C6F9DA /* Build configuration list for PBXNativeTarget "Cashier (iOS)" */ = {
			isa = XCConfigurationList;
			buildConfigurations = (
				087CB3FE258E77D500C6F9DA /* Debug */,
				087CB3FF258E77D500C6F9DA /* Release */,
			);
			defaultConfigurationIsVisible = 0;
			defaultConfigurationName = Release;
		};
		087CB400258E77D500C6F9DA /* Build configuration list for PBXNativeTarget "Cashier (macOS)" */ = {
			isa = XCConfigurationList;
			buildConfigurations = (
				087CB401258E77D500C6F9DA /* Debug */,
				087CB402258E77D500C6F9DA /* Release */,
			);
			defaultConfigurationIsVisible = 0;
			defaultConfigurationName = Release;
		};
/* End XCConfigurationList section */

/* Begin XCVersionGroup section */
		087CB3DB258E77D400C6F9DA /* Cashier.xcdatamodeld */ = {
			isa = XCVersionGroup;
			children = (
				087CB3DC258E77D400C6F9DA /* Shared.xcdatamodel */,
			);
			currentVersion = 087CB3DC258E77D400C6F9DA /* Shared.xcdatamodel */;
			path = Cashier.xcdatamodeld;
			sourceTree = "<group>";
			versionGroupType = wrapper.xcdatamodel;
		};
/* End XCVersionGroup section */
	};
	rootObject = 087CB3D6258E77D400C6F9DA /* Project object */;
}
